
Microsoft Visual Studio Solution File, Format Version 12.00
# Visual Studio 2012
Project("{FAE04EC0-301F-11D3-BF4B-00C04F79EFBC}") = "Consola", "Consola\Consola.csproj", "{C8AA9270-829D-431B-8132-67D61AC7751E}"
EndProject
Project("{FAE04EC0-301F-11D3-BF4B-00C04F79EFBC}") = "Entidades", "Entidades\Entidades.csproj", "{72F39C35-A761-4F24-96C0-3A459A62CDCE}"
EndProject
Project("{FAE04EC0-301F-11D3-BF4B-00C04F79EFBC}") = "Negocio", "Negocio\Negocio.csproj", "{DB157F34-C267-46BA-B7B9-2731BA6CB242}"
EndProject
Global
	GlobalSection(SolutionConfigurationPlatforms) = preSolution
		Debug|Any CPU = Debug|Any CPU
		Release|Any CPU = Release|Any CPU
	EndGlobalSection
	GlobalSection(ProjectConfigurationPlatforms) = postSolution
		{C8AA9270-829D-431B-8132-67D61AC7751E}.Debug|Any CPU.ActiveCfg = Debug|Any CPU
		{C8AA9270-829D-431B-8132-67D61AC7751E}.Debug|Any CPU.Build.0 = Debug|Any CPU
		{C8AA9270-829D-431B-8132-67D61AC7751E}.Release|Any CPU.ActiveCfg = Release|Any CPU
		{C8AA9270-829D-431B-8132-67D61AC7751E}.Release|Any CPU.Build.0 = Release|Any CPU
		{72F39C35-A761-4F24-96C0-3A459A62CDCE}.Debug|Any CPU.ActiveCfg = Debug|Any CPU
		{72F39C35-A761-4F24-96C0-3A459A62CDCE}.Debug|Any CPU.Build.0 = Debug|Any CPU
		{72F39C35-A761-4F24-96C0-3A459A62CDCE}.Release|Any CPU.ActiveCfg = Release|Any CPU
		{72F39C35-A761-4F24-96C0-3A459A62CDCE}.Release|Any CPU.Build.0 = Release|Any CPU
		{DB157F34-C267-46BA-B7B9-2731BA6CB242}.Debug|Any CPU.ActiveCfg = Debug|Any CPU
		{DB157F34-C267-46BA-B7B9-2731BA6CB242}.Debug|Any CPU.Build.0 = Debug|Any CPU
		{DB157F34-C267-46BA-B7B9-2731BA6CB242}.Release|Any CPU.ActiveCfg = Release|Any CPU
		{DB157F34-C267-46BA-B7B9-2731BA6CB242}.Release|Any CPU.Build.0 = Release|Any CPU
	EndGlobalSection
	GlobalSection(SolutionProperties) = preSolution
		HideSolutionNode = FALSE
	EndGlobalSection
EndGlobal
