
Microsoft Visual Studio Solution File, Format Version 12.00
# Visual Studio 2012
Project("{FAE04EC0-301F-11D3-BF4B-00C04F79EFBC}") = "Colecciones", "Colecciones\Colecciones.csproj", "{2B026284-BD17-49D5-AC45-361FC987F303}"
EndProject
Project("{FAE04EC0-301F-11D3-BF4B-00C04F79EFBC}") = "Colecciones.BR", "Colecciones.BR\Colecciones.BR.csproj", "{10258F28-7CE0-4CBB-8E03-BB2ECAC9BA53}"
EndProject
Project("{FAE04EC0-301F-11D3-BF4B-00C04F79EFBC}") = "Entidades", "Entidades\Entidades.csproj", "{288CF148-28CB-43F9-81C5-1D8CC9813B30}"
EndProject
Global
	GlobalSection(SolutionConfigurationPlatforms) = preSolution
		Debug|Any CPU = Debug|Any CPU
		Release|Any CPU = Release|Any CPU
	EndGlobalSection
	GlobalSection(ProjectConfigurationPlatforms) = postSolution
		{2B026284-BD17-49D5-AC45-361FC987F303}.Debug|Any CPU.ActiveCfg = Debug|Any CPU
		{2B026284-BD17-49D5-AC45-361FC987F303}.Debug|Any CPU.Build.0 = Debug|Any CPU
		{2B026284-BD17-49D5-AC45-361FC987F303}.Release|Any CPU.ActiveCfg = Release|Any CPU
		{2B026284-BD17-49D5-AC45-361FC987F303}.Release|Any CPU.Build.0 = Release|Any CPU
		{10258F28-7CE0-4CBB-8E03-BB2ECAC9BA53}.Debug|Any CPU.ActiveCfg = Debug|Any CPU
		{10258F28-7CE0-4CBB-8E03-BB2ECAC9BA53}.Debug|Any CPU.Build.0 = Debug|Any CPU
		{10258F28-7CE0-4CBB-8E03-BB2ECAC9BA53}.Release|Any CPU.ActiveCfg = Release|Any CPU
		{10258F28-7CE0-4CBB-8E03-BB2ECAC9BA53}.Release|Any CPU.Build.0 = Release|Any CPU
		{288CF148-28CB-43F9-81C5-1D8CC9813B30}.Debug|Any CPU.ActiveCfg = Debug|Any CPU
		{288CF148-28CB-43F9-81C5-1D8CC9813B30}.Debug|Any CPU.Build.0 = Debug|Any CPU
		{288CF148-28CB-43F9-81C5-1D8CC9813B30}.Release|Any CPU.ActiveCfg = Release|Any CPU
		{288CF148-28CB-43F9-81C5-1D8CC9813B30}.Release|Any CPU.Build.0 = Release|Any CPU
	EndGlobalSection
	GlobalSection(SolutionProperties) = preSolution
		HideSolutionNode = FALSE
	EndGlobalSection
EndGlobal
